
Microsoft Visual Studio Solution File, Format Version 12.00
Project("{FAE04EC0-301F-11D3-BF4B-00C04F79EFBC}") = "OtpTests", "OtpTests\OtpTests.csproj", "{85F0EDB5-ED14-4D38-BA45-36EA36676BBD}"
EndProject
Project("{FAE04EC0-301F-11D3-BF4B-00C04F79EFBC}") = "OtpLib", "OtpLib\OtpLib.csproj", "{949EC34A-EC92-4FDC-B90B-510EE6B14218}"
EndProject
Global
	GlobalSection(SolutionConfigurationPlatforms) = preSolution
		Debug|Any CPU = Debug|Any CPU
		Release|Any CPU = Release|Any CPU
	EndGlobalSection
	GlobalSection(ProjectConfigurationPlatforms) = postSolution
		{85F0EDB5-ED14-4D38-BA45-36EA36676BBD}.Debug|Any CPU.ActiveCfg = Debug|Any CPU
		{85F0EDB5-ED14-4D38-BA45-36EA36676BBD}.Debug|Any CPU.Build.0 = Debug|Any CPU
		{85F0EDB5-ED14-4D38-BA45-36EA36676BBD}.Release|Any CPU.ActiveCfg = Release|Any CPU
		{85F0EDB5-ED14-4D38-BA45-36EA36676BBD}.Release|Any CPU.Build.0 = Release|Any CPU
		{949EC34A-EC92-4FDC-B90B-510EE6B14218}.Debug|Any CPU.ActiveCfg = Debug|Any CPU
		{949EC34A-EC92-4FDC-B90B-510EE6B14218}.Debug|Any CPU.Build.0 = Debug|Any CPU
		{949EC34A-EC92-4FDC-B90B-510EE6B14218}.Release|Any CPU.ActiveCfg = Release|Any CPU
		{949EC34A-EC92-4FDC-B90B-510EE6B14218}.Release|Any CPU.Build.0 = Release|Any CPU
	EndGlobalSection
EndGlobal
